
Microsoft Visual Studio Solution File, Format Version 12.00
# Visual Studio Version 16
Project("{2150E333-8FDC-42A3-9474-1A3956D46DE8}") = "CMakePredefinedTargets", "CMakePredefinedTargets", "{C1A253DB-4E78-30CB-B0A1-D314AA0C66A6}"
EndProject
Project("{2150E333-8FDC-42A3-9474-1A3956D46DE8}") = "GLFW3", "GLFW3", "{2DAD9826-B175-339E-A29B-06B4EDBFD669}"
EndProject
Project("{2150E333-8FDC-42A3-9474-1A3956D46DE8}") = "Examples", "GLFW3\Examples", "{8CBD64C8-E18E-321A-BB83-082A8536976C}"
EndProject
Project("{2150E333-8FDC-42A3-9474-1A3956D46DE8}") = "Tests", "GLFW3\Tests", "{77F312DF-69AC-3AB8-9D1D-0943F726DA11}"
EndProject
Project("{8BC9CEB8-8B4A-11D0-8D11-00A0C91BC942}") = "ALL_BUILD", "ALL_BUILD.vcxproj", "{4E4E30DE-87A6-3EBA-8A29-645FD44D41E9}"
	ProjectSection(ProjectDependencies) = postProject
		{50F6C406-6C73-341E-ADA3-97356A777E2D} = {50F6C406-6C73-341E-ADA3-97356A777E2D}
		{BFE92169-8EA6-35EC-B041-7F4CA2C27BCA} = {BFE92169-8EA6-35EC-B041-7F4CA2C27BCA}
		{A93EA10D-6DDA-3231-910E-935DB693067F} = {A93EA10D-6DDA-3231-910E-935DB693067F}
		{8038678D-790F-32FD-9D0D-BDB9CD9BD6E7} = {8038678D-790F-32FD-9D0D-BDB9CD9BD6E7}
		{52F41079-D7BC-34FF-912D-88CA876D9F40} = {52F41079-D7BC-34FF-912D-88CA876D9F40}
		{80E758E5-1C3F-3551-845F-517276F9FB89} = {80E758E5-1C3F-3551-845F-517276F9FB89}
		{C9490FDC-8A96-30E2-ADBA-2C8F0AD61E13} = {C9490FDC-8A96-30E2-ADBA-2C8F0AD61E13}
		{80E89E03-9FF1-3DB5-864C-3ABEA329594B} = {80E89E03-9FF1-3DB5-864C-3ABEA329594B}
		{170498CC-5E8E-356B-B9B9-2325BDDCB03C} = {170498CC-5E8E-356B-B9B9-2325BDDCB03C}
		{0432EA65-8489-3199-A45F-9DA0285B123D} = {0432EA65-8489-3199-A45F-9DA0285B123D}
		{A08C207B-480C-3BF4-A232-B15ED74D4766} = {A08C207B-480C-3BF4-A232-B15ED74D4766}
		{A6D97E03-5D29-36CC-AF8C-03BBB454FFFB} = {A6D97E03-5D29-36CC-AF8C-03BBB454FFFB}
		{3112E1EB-F4F9-301E-ADBA-BFE7006FF75D} = {3112E1EB-F4F9-301E-ADBA-BFE7006FF75D}
		{775DB3AB-20D4-3122-982C-9D1F3FCB8116} = {775DB3AB-20D4-3122-982C-9D1F3FCB8116}
		{C9D15407-9018-3423-ABF0-6E2FFF92FD12} = {C9D15407-9018-3423-ABF0-6E2FFF92FD12}
		{BF9458C3-DFC2-3D5A-8596-F0A4A2FD0248} = {BF9458C3-DFC2-3D5A-8596-F0A4A2FD0248}
		{E89BD8C7-E5EF-3E4D-9552-B6FD8FB866DB} = {E89BD8C7-E5EF-3E4D-9552-B6FD8FB866DB}
		{8D3F705D-074A-3E0F-963B-BFFFF5C8DACF} = {8D3F705D-074A-3E0F-963B-BFFFF5C8DACF}
		{44BD851C-1EE7-3DEB-BFE7-1582E77CC535} = {44BD851C-1EE7-3DEB-BFE7-1582E77CC535}
		{5B71D1BA-1935-3907-976B-2E0B67BA7770} = {5B71D1BA-1935-3907-976B-2E0B67BA7770}
		{27D38984-713D-38C0-A241-C761AB8A5F8E} = {27D38984-713D-38C0-A241-C761AB8A5F8E}
		{4B024ED9-3460-362A-9B7F-9D1BB9DD32BD} = {4B024ED9-3460-362A-9B7F-9D1BB9DD32BD}
		{F6693D1A-219E-35C8-8B47-61610E85588F} = {F6693D1A-219E-35C8-8B47-61610E85588F}
		{A2CD67C0-F834-31C2-8811-B4B254F80095} = {A2CD67C0-F834-31C2-8811-B4B254F80095}
		{B7AE5AD4-B980-3081-B156-281A5B28A11C} = {B7AE5AD4-B980-3081-B156-281A5B28A11C}
		{2E4398DA-8292-30F0-9E42-E8A75DC2EEA7} = {2E4398DA-8292-30F0-9E42-E8A75DC2EEA7}
		{2EA3042D-C339-3DC3-BAB8-202213DE886C} = {2EA3042D-C339-3DC3-BAB8-202213DE886C}
		{B10F439B-42CF-39C6-B6F2-52D00F1B3F51} = {B10F439B-42CF-39C6-B6F2-52D00F1B3F51}
		{7307FB31-9FCA-3256-BCC1-B0976D68F026} = {7307FB31-9FCA-3256-BCC1-B0976D68F026}
		{D554202B-6795-313B-B77B-C0B5F35436AE} = {D554202B-6795-313B-B77B-C0B5F35436AE}
		{171F150E-8BFC-3423-868A-CE280076A216} = {171F150E-8BFC-3423-868A-CE280076A216}
	EndProjectSection
EndProject
Project("{8BC9CEB8-8B4A-11D0-8D11-00A0C91BC942}") = "INSTALL", "INSTALL.vcxproj", "{FA763CCB-A5AA-314C-803C-3BC8B7D303C5}"
	ProjectSection(ProjectDependencies) = postProject
		{4E4E30DE-87A6-3EBA-8A29-645FD44D41E9} = {4E4E30DE-87A6-3EBA-8A29-645FD44D41E9}
		{50F6C406-6C73-341E-ADA3-97356A777E2D} = {50F6C406-6C73-341E-ADA3-97356A777E2D}
	EndProjectSection
EndProject
Project("{8BC9CEB8-8B4A-11D0-8D11-00A0C91BC942}") = "ZERO_CHECK", "ZERO_CHECK.vcxproj", "{50F6C406-6C73-341E-ADA3-97356A777E2D}"
	ProjectSection(ProjectDependencies) = postProject
	EndProjectSection
EndProject
Project("{8BC9CEB8-8B4A-11D0-8D11-00A0C91BC942}") = "boing", "examples\boing.vcxproj", "{BFE92169-8EA6-35EC-B041-7F4CA2C27BCA}"
	ProjectSection(ProjectDependencies) = postProject
		{50F6C406-6C73-341E-ADA3-97356A777E2D} = {50F6C406-6C73-341E-ADA3-97356A777E2D}
		{170498CC-5E8E-356B-B9B9-2325BDDCB03C} = {170498CC-5E8E-356B-B9B9-2325BDDCB03C}
	EndProjectSection
EndProject
Project("{8BC9CEB8-8B4A-11D0-8D11-00A0C91BC942}") = "clipboard", "tests\clipboard.vcxproj", "{A93EA10D-6DDA-3231-910E-935DB693067F}"
	ProjectSection(ProjectDependencies) = postProject
		{50F6C406-6C73-341E-ADA3-97356A777E2D} = {50F6C406-6C73-341E-ADA3-97356A777E2D}
		{170498CC-5E8E-356B-B9B9-2325BDDCB03C} = {170498CC-5E8E-356B-B9B9-2325BDDCB03C}
	EndProjectSection
EndProject
Project("{8BC9CEB8-8B4A-11D0-8D11-00A0C91BC942}") = "cursor", "tests\cursor.vcxproj", "{8038678D-790F-32FD-9D0D-BDB9CD9BD6E7}"
	ProjectSection(ProjectDependencies) = postProject
		{50F6C406-6C73-341E-ADA3-97356A777E2D} = {50F6C406-6C73-341E-ADA3-97356A777E2D}
		{170498CC-5E8E-356B-B9B9-2325BDDCB03C} = {170498CC-5E8E-356B-B9B9-2325BDDCB03C}
	EndProjectSection
EndProject
Project("{8BC9CEB8-8B4A-11D0-8D11-00A0C91BC942}") = "empty", "tests\empty.vcxproj", "{52F41079-D7BC-34FF-912D-88CA876D9F40}"
	ProjectSection(ProjectDependencies) = postProject
		{50F6C406-6C73-341E-ADA3-97356A777E2D} = {50F6C406-6C73-341E-ADA3-97356A777E2D}
		{170498CC-5E8E-356B-B9B9-2325BDDCB03C} = {170498CC-5E8E-356B-B9B9-2325BDDCB03C}
	EndProjectSection
EndProject
Project("{8BC9CEB8-8B4A-11D0-8D11-00A0C91BC942}") = "events", "tests\events.vcxproj", "{80E758E5-1C3F-3551-845F-517276F9FB89}"
	ProjectSection(ProjectDependencies) = postProject
		{50F6C406-6C73-341E-ADA3-97356A777E2D} = {50F6C406-6C73-341E-ADA3-97356A777E2D}
		{170498CC-5E8E-356B-B9B9-2325BDDCB03C} = {170498CC-5E8E-356B-B9B9-2325BDDCB03C}
	EndProjectSection
EndProject
Project("{8BC9CEB8-8B4A-11D0-8D11-00A0C91BC942}") = "gamma", "tests\gamma.vcxproj", "{C9490FDC-8A96-30E2-ADBA-2C8F0AD61E13}"
	ProjectSection(ProjectDependencies) = postProject
		{50F6C406-6C73-341E-ADA3-97356A777E2D} = {50F6C406-6C73-341E-ADA3-97356A777E2D}
		{170498CC-5E8E-356B-B9B9-2325BDDCB03C} = {170498CC-5E8E-356B-B9B9-2325BDDCB03C}
	EndProjectSection
EndProject
Project("{8BC9CEB8-8B4A-11D0-8D11-00A0C91BC942}") = "gears", "examples\gears.vcxproj", "{80E89E03-9FF1-3DB5-864C-3ABEA329594B}"
	ProjectSection(ProjectDependencies) = postProject
		{50F6C406-6C73-341E-ADA3-97356A777E2D} = {50F6C406-6C73-341E-ADA3-97356A777E2D}
		{170498CC-5E8E-356B-B9B9-2325BDDCB03C} = {170498CC-5E8E-356B-B9B9-2325BDDCB03C}
	EndProjectSection
EndProject
Project("{8BC9CEB8-8B4A-11D0-8D11-00A0C91BC942}") = "glfw", "src\glfw.vcxproj", "{170498CC-5E8E-356B-B9B9-2325BDDCB03C}"
	ProjectSection(ProjectDependencies) = postProject
		{50F6C406-6C73-341E-ADA3-97356A777E2D} = {50F6C406-6C73-341E-ADA3-97356A777E2D}
	EndProjectSection
EndProject
Project("{8BC9CEB8-8B4A-11D0-8D11-00A0C91BC942}") = "glfwinfo", "tests\glfwinfo.vcxproj", "{0432EA65-8489-3199-A45F-9DA0285B123D}"
	ProjectSection(ProjectDependencies) = postProject
		{50F6C406-6C73-341E-ADA3-97356A777E2D} = {50F6C406-6C73-341E-ADA3-97356A777E2D}
		{170498CC-5E8E-356B-B9B9-2325BDDCB03C} = {170498CC-5E8E-356B-B9B9-2325BDDCB03C}
	EndProjectSection
EndProject
Project("{8BC9CEB8-8B4A-11D0-8D11-00A0C91BC942}") = "heightmap", "examples\heightmap.vcxproj", "{A08C207B-480C-3BF4-A232-B15ED74D4766}"
	ProjectSection(ProjectDependencies) = postProject
		{50F6C406-6C73-341E-ADA3-97356A777E2D} = {50F6C406-6C73-341E-ADA3-97356A777E2D}
		{170498CC-5E8E-356B-B9B9-2325BDDCB03C} = {170498CC-5E8E-356B-B9B9-2325BDDCB03C}
	EndProjectSection
EndProject
Project("{8BC9CEB8-8B4A-11D0-8D11-00A0C91BC942}") = "icon", "tests\icon.vcxproj", "{A6D97E03-5D29-36CC-AF8C-03BBB454FFFB}"
	ProjectSection(ProjectDependencies) = postProject
		{50F6C406-6C73-341E-ADA3-97356A777E2D} = {50F6C406-6C73-341E-ADA3-97356A777E2D}
		{170498CC-5E8E-356B-B9B9-2325BDDCB03C} = {170498CC-5E8E-356B-B9B9-2325BDDCB03C}
	EndProjectSection
EndProject
Project("{8BC9CEB8-8B4A-11D0-8D11-00A0C91BC942}") = "iconify", "tests\iconify.vcxproj", "{3112E1EB-F4F9-301E-ADBA-BFE7006FF75D}"
	ProjectSection(ProjectDependencies) = postProject
		{50F6C406-6C73-341E-ADA3-97356A777E2D} = {50F6C406-6C73-341E-ADA3-97356A777E2D}
		{170498CC-5E8E-356B-B9B9-2325BDDCB03C} = {170498CC-5E8E-356B-B9B9-2325BDDCB03C}
	EndProjectSection
EndProject
Project("{8BC9CEB8-8B4A-11D0-8D11-00A0C91BC942}") = "inputlag", "tests\inputlag.vcxproj", "{775DB3AB-20D4-3122-982C-9D1F3FCB8116}"
	ProjectSection(ProjectDependencies) = postProject
		{50F6C406-6C73-341E-ADA3-97356A777E2D} = {50F6C406-6C73-341E-ADA3-97356A777E2D}
		{170498CC-5E8E-356B-B9B9-2325BDDCB03C} = {170498CC-5E8E-356B-B9B9-2325BDDCB03C}
	EndProjectSection
EndProject
Project("{8BC9CEB8-8B4A-11D0-8D11-00A0C91BC942}") = "joysticks", "tests\joysticks.vcxproj", "{C9D15407-9018-3423-ABF0-6E2FFF92FD12}"
	ProjectSection(ProjectDependencies) = postProject
		{50F6C406-6C73-341E-ADA3-97356A777E2D} = {50F6C406-6C73-341E-ADA3-97356A777E2D}
		{170498CC-5E8E-356B-B9B9-2325BDDCB03C} = {170498CC-5E8E-356B-B9B9-2325BDDCB03C}
	EndProjectSection
EndProject
Project("{8BC9CEB8-8B4A-11D0-8D11-00A0C91BC942}") = "monitors", "tests\monitors.vcxproj", "{BF9458C3-DFC2-3D5A-8596-F0A4A2FD0248}"
	ProjectSection(ProjectDependencies) = postProject
		{50F6C406-6C73-341E-ADA3-97356A777E2D} = {50F6C406-6C73-341E-ADA3-97356A777E2D}
		{170498CC-5E8E-356B-B9B9-2325BDDCB03C} = {170498CC-5E8E-356B-B9B9-2325BDDCB03C}
	EndProjectSection
EndProject
Project("{8BC9CEB8-8B4A-11D0-8D11-00A0C91BC942}") = "msaa", "tests\msaa.vcxproj", "{E89BD8C7-E5EF-3E4D-9552-B6FD8FB866DB}"
	ProjectSection(ProjectDependencies) = postProject
		{50F6C406-6C73-341E-ADA3-97356A777E2D} = {50F6C406-6C73-341E-ADA3-97356A777E2D}
		{170498CC-5E8E-356B-B9B9-2325BDDCB03C} = {170498CC-5E8E-356B-B9B9-2325BDDCB03C}
	EndProjectSection
EndProject
Project("{8BC9CEB8-8B4A-11D0-8D11-00A0C91BC942}") = "offscreen", "examples\offscreen.vcxproj", "{8D3F705D-074A-3E0F-963B-BFFFF5C8DACF}"
	ProjectSection(ProjectDependencies) = postProject
		{50F6C406-6C73-341E-ADA3-97356A777E2D} = {50F6C406-6C73-341E-ADA3-97356A777E2D}
		{170498CC-5E8E-356B-B9B9-2325BDDCB03C} = {170498CC-5E8E-356B-B9B9-2325BDDCB03C}
	EndProjectSection
EndProject
Project("{8BC9CEB8-8B4A-11D0-8D11-00A0C91BC942}") = "opacity", "tests\opacity.vcxproj", "{44BD851C-1EE7-3DEB-BFE7-1582E77CC535}"
	ProjectSection(ProjectDependencies) = postProject
		{50F6C406-6C73-341E-ADA3-97356A777E2D} = {50F6C406-6C73-341E-ADA3-97356A777E2D}
		{170498CC-5E8E-356B-B9B9-2325BDDCB03C} = {170498CC-5E8E-356B-B9B9-2325BDDCB03C}
	EndProjectSection
EndProject
Project("{8BC9CEB8-8B4A-11D0-8D11-00A0C91BC942}") = "particles", "examples\particles.vcxproj", "{5B71D1BA-1935-3907-976B-2E0B67BA7770}"
	ProjectSection(ProjectDependencies) = postProject
		{50F6C406-6C73-341E-ADA3-97356A777E2D} = {50F6C406-6C73-341E-ADA3-97356A777E2D}
		{170498CC-5E8E-356B-B9B9-2325BDDCB03C} = {170498CC-5E8E-356B-B9B9-2325BDDCB03C}
	EndProjectSection
EndProject
Project("{8BC9CEB8-8B4A-11D0-8D11-00A0C91BC942}") = "reopen", "tests\reopen.vcxproj", "{27D38984-713D-38C0-A241-C761AB8A5F8E}"
	ProjectSection(ProjectDependencies) = postProject
		{50F6C406-6C73-341E-ADA3-97356A777E2D} = {50F6C406-6C73-341E-ADA3-97356A777E2D}
		{170498CC-5E8E-356B-B9B9-2325BDDCB03C} = {170498CC-5E8E-356B-B9B9-2325BDDCB03C}
	EndProjectSection
EndProject
Project("{8BC9CEB8-8B4A-11D0-8D11-00A0C91BC942}") = "sharing", "examples\sharing.vcxproj", "{4B024ED9-3460-362A-9B7F-9D1BB9DD32BD}"
	ProjectSection(ProjectDependencies) = postProject
		{50F6C406-6C73-341E-ADA3-97356A777E2D} = {50F6C406-6C73-341E-ADA3-97356A777E2D}
		{170498CC-5E8E-356B-B9B9-2325BDDCB03C} = {170498CC-5E8E-356B-B9B9-2325BDDCB03C}
	EndProjectSection
EndProject
Project("{8BC9CEB8-8B4A-11D0-8D11-00A0C91BC942}") = "simple", "examples\simple.vcxproj", "{F6693D1A-219E-35C8-8B47-61610E85588F}"
	ProjectSection(ProjectDependencies) = postProject
		{50F6C406-6C73-341E-ADA3-97356A777E2D} = {50F6C406-6C73-341E-ADA3-97356A777E2D}
		{170498CC-5E8E-356B-B9B9-2325BDDCB03C} = {170498CC-5E8E-356B-B9B9-2325BDDCB03C}
	EndProjectSection
EndProject
Project("{8BC9CEB8-8B4A-11D0-8D11-00A0C91BC942}") = "splitview", "examples\splitview.vcxproj", "{A2CD67C0-F834-31C2-8811-B4B254F80095}"
	ProjectSection(ProjectDependencies) = postProject
		{50F6C406-6C73-341E-ADA3-97356A777E2D} = {50F6C406-6C73-341E-ADA3-97356A777E2D}
		{170498CC-5E8E-356B-B9B9-2325BDDCB03C} = {170498CC-5E8E-356B-B9B9-2325BDDCB03C}
	EndProjectSection
EndProject
Project("{8BC9CEB8-8B4A-11D0-8D11-00A0C91BC942}") = "tearing", "tests\tearing.vcxproj", "{B7AE5AD4-B980-3081-B156-281A5B28A11C}"
	ProjectSection(ProjectDependencies) = postProject
		{50F6C406-6C73-341E-ADA3-97356A777E2D} = {50F6C406-6C73-341E-ADA3-97356A777E2D}
		{170498CC-5E8E-356B-B9B9-2325BDDCB03C} = {170498CC-5E8E-356B-B9B9-2325BDDCB03C}
	EndProjectSection
EndProject
Project("{8BC9CEB8-8B4A-11D0-8D11-00A0C91BC942}") = "threads", "tests\threads.vcxproj", "{2E4398DA-8292-30F0-9E42-E8A75DC2EEA7}"
	ProjectSection(ProjectDependencies) = postProject
		{50F6C406-6C73-341E-ADA3-97356A777E2D} = {50F6C406-6C73-341E-ADA3-97356A777E2D}
		{170498CC-5E8E-356B-B9B9-2325BDDCB03C} = {170498CC-5E8E-356B-B9B9-2325BDDCB03C}
	EndProjectSection
EndProject
Project("{8BC9CEB8-8B4A-11D0-8D11-00A0C91BC942}") = "timeout", "tests\timeout.vcxproj", "{2EA3042D-C339-3DC3-BAB8-202213DE886C}"
	ProjectSection(ProjectDependencies) = postProject
		{50F6C406-6C73-341E-ADA3-97356A777E2D} = {50F6C406-6C73-341E-ADA3-97356A777E2D}
		{170498CC-5E8E-356B-B9B9-2325BDDCB03C} = {170498CC-5E8E-356B-B9B9-2325BDDCB03C}
	EndProjectSection
EndProject
Project("{8BC9CEB8-8B4A-11D0-8D11-00A0C91BC942}") = "title", "tests\title.vcxproj", "{B10F439B-42CF-39C6-B6F2-52D00F1B3F51}"
	ProjectSection(ProjectDependencies) = postProject
		{50F6C406-6C73-341E-ADA3-97356A777E2D} = {50F6C406-6C73-341E-ADA3-97356A777E2D}
		{170498CC-5E8E-356B-B9B9-2325BDDCB03C} = {170498CC-5E8E-356B-B9B9-2325BDDCB03C}
	EndProjectSection
EndProject
Project("{8BC9CEB8-8B4A-11D0-8D11-00A0C91BC942}") = "triangle-vulkan", "tests\triangle-vulkan.vcxproj", "{7307FB31-9FCA-3256-BCC1-B0976D68F026}"
	ProjectSection(ProjectDependencies) = postProject
		{50F6C406-6C73-341E-ADA3-97356A777E2D} = {50F6C406-6C73-341E-ADA3-97356A777E2D}
		{170498CC-5E8E-356B-B9B9-2325BDDCB03C} = {170498CC-5E8E-356B-B9B9-2325BDDCB03C}
	EndProjectSection
EndProject
Project("{8BC9CEB8-8B4A-11D0-8D11-00A0C91BC942}") = "uninstall", "uninstall.vcxproj", "{8AD3EF73-0A2E-3610-9C15-FEBD35940569}"
	ProjectSection(ProjectDependencies) = postProject
		{50F6C406-6C73-341E-ADA3-97356A777E2D} = {50F6C406-6C73-341E-ADA3-97356A777E2D}
	EndProjectSection
EndProject
Project("{8BC9CEB8-8B4A-11D0-8D11-00A0C91BC942}") = "wave", "examples\wave.vcxproj", "{D554202B-6795-313B-B77B-C0B5F35436AE}"
	ProjectSection(ProjectDependencies) = postProject
		{50F6C406-6C73-341E-ADA3-97356A777E2D} = {50F6C406-6C73-341E-ADA3-97356A777E2D}
		{170498CC-5E8E-356B-B9B9-2325BDDCB03C} = {170498CC-5E8E-356B-B9B9-2325BDDCB03C}
	EndProjectSection
EndProject
Project("{8BC9CEB8-8B4A-11D0-8D11-00A0C91BC942}") = "windows", "tests\windows.vcxproj", "{171F150E-8BFC-3423-868A-CE280076A216}"
	ProjectSection(ProjectDependencies) = postProject
		{50F6C406-6C73-341E-ADA3-97356A777E2D} = {50F6C406-6C73-341E-ADA3-97356A777E2D}
		{170498CC-5E8E-356B-B9B9-2325BDDCB03C} = {170498CC-5E8E-356B-B9B9-2325BDDCB03C}
	EndProjectSection
EndProject
Global
	GlobalSection(SolutionConfigurationPlatforms) = preSolution
		Debug|x64 = Debug|x64
		Release|x64 = Release|x64
		MinSizeRel|x64 = MinSizeRel|x64
		RelWithDebInfo|x64 = RelWithDebInfo|x64
	EndGlobalSection
	GlobalSection(ProjectConfigurationPlatforms) = postSolution
		{4E4E30DE-87A6-3EBA-8A29-645FD44D41E9}.Debug|x64.ActiveCfg = Debug|x64
		{4E4E30DE-87A6-3EBA-8A29-645FD44D41E9}.Debug|x64.Build.0 = Debug|x64
		{4E4E30DE-87A6-3EBA-8A29-645FD44D41E9}.Release|x64.ActiveCfg = Release|x64
		{4E4E30DE-87A6-3EBA-8A29-645FD44D41E9}.Release|x64.Build.0 = Release|x64
		{4E4E30DE-87A6-3EBA-8A29-645FD44D41E9}.MinSizeRel|x64.ActiveCfg = MinSizeRel|x64
		{4E4E30DE-87A6-3EBA-8A29-645FD44D41E9}.MinSizeRel|x64.Build.0 = MinSizeRel|x64
		{4E4E30DE-87A6-3EBA-8A29-645FD44D41E9}.RelWithDebInfo|x64.ActiveCfg = RelWithDebInfo|x64
		{4E4E30DE-87A6-3EBA-8A29-645FD44D41E9}.RelWithDebInfo|x64.Build.0 = RelWithDebInfo|x64
		{FA763CCB-A5AA-314C-803C-3BC8B7D303C5}.Debug|x64.ActiveCfg = Debug|x64
		{FA763CCB-A5AA-314C-803C-3BC8B7D303C5}.Release|x64.ActiveCfg = Release|x64
		{FA763CCB-A5AA-314C-803C-3BC8B7D303C5}.MinSizeRel|x64.ActiveCfg = MinSizeRel|x64
		{FA763CCB-A5AA-314C-803C-3BC8B7D303C5}.RelWithDebInfo|x64.ActiveCfg = RelWithDebInfo|x64
		{50F6C406-6C73-341E-ADA3-97356A777E2D}.Debug|x64.ActiveCfg = Debug|x64
		{50F6C406-6C73-341E-ADA3-97356A777E2D}.Debug|x64.Build.0 = Debug|x64
		{50F6C406-6C73-341E-ADA3-97356A777E2D}.Release|x64.ActiveCfg = Release|x64
		{50F6C406-6C73-341E-ADA3-97356A777E2D}.Release|x64.Build.0 = Release|x64
		{50F6C406-6C73-341E-ADA3-97356A777E2D}.MinSizeRel|x64.ActiveCfg = MinSizeRel|x64
		{50F6C406-6C73-341E-ADA3-97356A777E2D}.MinSizeRel|x64.Build.0 = MinSizeRel|x64
		{50F6C406-6C73-341E-ADA3-97356A777E2D}.RelWithDebInfo|x64.ActiveCfg = RelWithDebInfo|x64
		{50F6C406-6C73-341E-ADA3-97356A777E2D}.RelWithDebInfo|x64.Build.0 = RelWithDebInfo|x64
		{BFE92169-8EA6-35EC-B041-7F4CA2C27BCA}.Debug|x64.ActiveCfg = Debug|x64
		{BFE92169-8EA6-35EC-B041-7F4CA2C27BCA}.Debug|x64.Build.0 = Debug|x64
		{BFE92169-8EA6-35EC-B041-7F4CA2C27BCA}.Release|x64.ActiveCfg = Release|x64
		{BFE92169-8EA6-35EC-B041-7F4CA2C27BCA}.Release|x64.Build.0 = Release|x64
		{BFE92169-8EA6-35EC-B041-7F4CA2C27BCA}.MinSizeRel|x64.ActiveCfg = MinSizeRel|x64
		{BFE92169-8EA6-35EC-B041-7F4CA2C27BCA}.MinSizeRel|x64.Build.0 = MinSizeRel|x64
		{BFE92169-8EA6-35EC-B041-7F4CA2C27BCA}.RelWithDebInfo|x64.ActiveCfg = RelWithDebInfo|x64
		{BFE92169-8EA6-35EC-B041-7F4CA2C27BCA}.RelWithDebInfo|x64.Build.0 = RelWithDebInfo|x64
		{A93EA10D-6DDA-3231-910E-935DB693067F}.Debug|x64.ActiveCfg = Debug|x64
		{A93EA10D-6DDA-3231-910E-935DB693067F}.Debug|x64.Build.0 = Debug|x64
		{A93EA10D-6DDA-3231-910E-935DB693067F}.Release|x64.ActiveCfg = Release|x64
		{A93EA10D-6DDA-3231-910E-935DB693067F}.Release|x64.Build.0 = Release|x64
		{A93EA10D-6DDA-3231-910E-935DB693067F}.MinSizeRel|x64.ActiveCfg = MinSizeRel|x64
		{A93EA10D-6DDA-3231-910E-935DB693067F}.MinSizeRel|x64.Build.0 = MinSizeRel|x64
		{A93EA10D-6DDA-3231-910E-935DB693067F}.RelWithDebInfo|x64.ActiveCfg = RelWithDebInfo|x64
		{A93EA10D-6DDA-3231-910E-935DB693067F}.RelWithDebInfo|x64.Build.0 = RelWithDebInfo|x64
		{8038678D-790F-32FD-9D0D-BDB9CD9BD6E7}.Debug|x64.ActiveCfg = Debug|x64
		{8038678D-790F-32FD-9D0D-BDB9CD9BD6E7}.Debug|x64.Build.0 = Debug|x64
		{8038678D-790F-32FD-9D0D-BDB9CD9BD6E7}.Release|x64.ActiveCfg = Release|x64
		{8038678D-790F-32FD-9D0D-BDB9CD9BD6E7}.Release|x64.Build.0 = Release|x64
		{8038678D-790F-32FD-9D0D-BDB9CD9BD6E7}.MinSizeRel|x64.ActiveCfg = MinSizeRel|x64
		{8038678D-790F-32FD-9D0D-BDB9CD9BD6E7}.MinSizeRel|x64.Build.0 = MinSizeRel|x64
		{8038678D-790F-32FD-9D0D-BDB9CD9BD6E7}.RelWithDebInfo|x64.ActiveCfg = RelWithDebInfo|x64
		{8038678D-790F-32FD-9D0D-BDB9CD9BD6E7}.RelWithDebInfo|x64.Build.0 = RelWithDebInfo|x64
		{52F41079-D7BC-34FF-912D-88CA876D9F40}.Debug|x64.ActiveCfg = Debug|x64
		{52F41079-D7BC-34FF-912D-88CA876D9F40}.Debug|x64.Build.0 = Debug|x64
		{52F41079-D7BC-34FF-912D-88CA876D9F40}.Release|x64.ActiveCfg = Release|x64
		{52F41079-D7BC-34FF-912D-88CA876D9F40}.Release|x64.Build.0 = Release|x64
		{52F41079-D7BC-34FF-912D-88CA876D9F40}.MinSizeRel|x64.ActiveCfg = MinSizeRel|x64
		{52F41079-D7BC-34FF-912D-88CA876D9F40}.MinSizeRel|x64.Build.0 = MinSizeRel|x64
		{52F41079-D7BC-34FF-912D-88CA876D9F40}.RelWithDebInfo|x64.ActiveCfg = RelWithDebInfo|x64
		{52F41079-D7BC-34FF-912D-88CA876D9F40}.RelWithDebInfo|x64.Build.0 = RelWithDebInfo|x64
		{80E758E5-1C3F-3551-845F-517276F9FB89}.Debug|x64.ActiveCfg = Debug|x64
		{80E758E5-1C3F-3551-845F-517276F9FB89}.Debug|x64.Build.0 = Debug|x64
		{80E758E5-1C3F-3551-845F-517276F9FB89}.Release|x64.ActiveCfg = Release|x64
		{80E758E5-1C3F-3551-845F-517276F9FB89}.Release|x64.Build.0 = Release|x64
		{80E758E5-1C3F-3551-845F-517276F9FB89}.MinSizeRel|x64.ActiveCfg = MinSizeRel|x64
		{80E758E5-1C3F-3551-845F-517276F9FB89}.MinSizeRel|x64.Build.0 = MinSizeRel|x64
		{80E758E5-1C3F-3551-845F-517276F9FB89}.RelWithDebInfo|x64.ActiveCfg = RelWithDebInfo|x64
		{80E758E5-1C3F-3551-845F-517276F9FB89}.RelWithDebInfo|x64.Build.0 = RelWithDebInfo|x64
		{C9490FDC-8A96-30E2-ADBA-2C8F0AD61E13}.Debug|x64.ActiveCfg = Debug|x64
		{C9490FDC-8A96-30E2-ADBA-2C8F0AD61E13}.Debug|x64.Build.0 = Debug|x64
		{C9490FDC-8A96-30E2-ADBA-2C8F0AD61E13}.Release|x64.ActiveCfg = Release|x64
		{C9490FDC-8A96-30E2-ADBA-2C8F0AD61E13}.Release|x64.Build.0 = Release|x64
		{C9490FDC-8A96-30E2-ADBA-2C8F0AD61E13}.MinSizeRel|x64.ActiveCfg = MinSizeRel|x64
		{C9490FDC-8A96-30E2-ADBA-2C8F0AD61E13}.MinSizeRel|x64.Build.0 = MinSizeRel|x64
		{C9490FDC-8A96-30E2-ADBA-2C8F0AD61E13}.RelWithDebInfo|x64.ActiveCfg = RelWithDebInfo|x64
		{C9490FDC-8A96-30E2-ADBA-2C8F0AD61E13}.RelWithDebInfo|x64.Build.0 = RelWithDebInfo|x64
		{80E89E03-9FF1-3DB5-864C-3ABEA329594B}.Debug|x64.ActiveCfg = Debug|x64
		{80E89E03-9FF1-3DB5-864C-3ABEA329594B}.Debug|x64.Build.0 = Debug|x64
		{80E89E03-9FF1-3DB5-864C-3ABEA329594B}.Release|x64.ActiveCfg = Release|x64
		{80E89E03-9FF1-3DB5-864C-3ABEA329594B}.Release|x64.Build.0 = Release|x64
		{80E89E03-9FF1-3DB5-864C-3ABEA329594B}.MinSizeRel|x64.ActiveCfg = MinSizeRel|x64
		{80E89E03-9FF1-3DB5-864C-3ABEA329594B}.MinSizeRel|x64.Build.0 = MinSizeRel|x64
		{80E89E03-9FF1-3DB5-864C-3ABEA329594B}.RelWithDebInfo|x64.ActiveCfg = RelWithDebInfo|x64
		{80E89E03-9FF1-3DB5-864C-3ABEA329594B}.RelWithDebInfo|x64.Build.0 = RelWithDebInfo|x64
		{170498CC-5E8E-356B-B9B9-2325BDDCB03C}.Debug|x64.ActiveCfg = Debug|x64
		{170498CC-5E8E-356B-B9B9-2325BDDCB03C}.Debug|x64.Build.0 = Debug|x64
		{170498CC-5E8E-356B-B9B9-2325BDDCB03C}.Release|x64.ActiveCfg = Release|x64
		{170498CC-5E8E-356B-B9B9-2325BDDCB03C}.Release|x64.Build.0 = Release|x64
		{170498CC-5E8E-356B-B9B9-2325BDDCB03C}.MinSizeRel|x64.ActiveCfg = MinSizeRel|x64
		{170498CC-5E8E-356B-B9B9-2325BDDCB03C}.MinSizeRel|x64.Build.0 = MinSizeRel|x64
		{170498CC-5E8E-356B-B9B9-2325BDDCB03C}.RelWithDebInfo|x64.ActiveCfg = RelWithDebInfo|x64
		{170498CC-5E8E-356B-B9B9-2325BDDCB03C}.RelWithDebInfo|x64.Build.0 = RelWithDebInfo|x64
		{0432EA65-8489-3199-A45F-9DA0285B123D}.Debug|x64.ActiveCfg = Debug|x64
		{0432EA65-8489-3199-A45F-9DA0285B123D}.Debug|x64.Build.0 = Debug|x64
		{0432EA65-8489-3199-A45F-9DA0285B123D}.Release|x64.ActiveCfg = Release|x64
		{0432EA65-8489-3199-A45F-9DA0285B123D}.Release|x64.Build.0 = Release|x64
		{0432EA65-8489-3199-A45F-9DA0285B123D}.MinSizeRel|x64.ActiveCfg = MinSizeRel|x64
		{0432EA65-8489-3199-A45F-9DA0285B123D}.MinSizeRel|x64.Build.0 = MinSizeRel|x64
		{0432EA65-8489-3199-A45F-9DA0285B123D}.RelWithDebInfo|x64.ActiveCfg = RelWithDebInfo|x64
		{0432EA65-8489-3199-A45F-9DA0285B123D}.RelWithDebInfo|x64.Build.0 = RelWithDebInfo|x64
		{A08C207B-480C-3BF4-A232-B15ED74D4766}.Debug|x64.ActiveCfg = Debug|x64
		{A08C207B-480C-3BF4-A232-B15ED74D4766}.Debug|x64.Build.0 = Debug|x64
		{A08C207B-480C-3BF4-A232-B15ED74D4766}.Release|x64.ActiveCfg = Release|x64
		{A08C207B-480C-3BF4-A232-B15ED74D4766}.Release|x64.Build.0 = Release|x64
		{A08C207B-480C-3BF4-A232-B15ED74D4766}.MinSizeRel|x64.ActiveCfg = MinSizeRel|x64
		{A08C207B-480C-3BF4-A232-B15ED74D4766}.MinSizeRel|x64.Build.0 = MinSizeRel|x64
		{A08C207B-480C-3BF4-A232-B15ED74D4766}.RelWithDebInfo|x64.ActiveCfg = RelWithDebInfo|x64
		{A08C207B-480C-3BF4-A232-B15ED74D4766}.RelWithDebInfo|x64.Build.0 = RelWithDebInfo|x64
		{A6D97E03-5D29-36CC-AF8C-03BBB454FFFB}.Debug|x64.ActiveCfg = Debug|x64
		{A6D97E03-5D29-36CC-AF8C-03BBB454FFFB}.Debug|x64.Build.0 = Debug|x64
		{A6D97E03-5D29-36CC-AF8C-03BBB454FFFB}.Release|x64.ActiveCfg = Release|x64
		{A6D97E03-5D29-36CC-AF8C-03BBB454FFFB}.Release|x64.Build.0 = Release|x64
		{A6D97E03-5D29-36CC-AF8C-03BBB454FFFB}.MinSizeRel|x64.ActiveCfg = MinSizeRel|x64
		{A6D97E03-5D29-36CC-AF8C-03BBB454FFFB}.MinSizeRel|x64.Build.0 = MinSizeRel|x64
		{A6D97E03-5D29-36CC-AF8C-03BBB454FFFB}.RelWithDebInfo|x64.ActiveCfg = RelWithDebInfo|x64
		{A6D97E03-5D29-36CC-AF8C-03BBB454FFFB}.RelWithDebInfo|x64.Build.0 = RelWithDebInfo|x64
		{3112E1EB-F4F9-301E-ADBA-BFE7006FF75D}.Debug|x64.ActiveCfg = Debug|x64
		{3112E1EB-F4F9-301E-ADBA-BFE7006FF75D}.Debug|x64.Build.0 = Debug|x64
		{3112E1EB-F4F9-301E-ADBA-BFE7006FF75D}.Release|x64.ActiveCfg = Release|x64
		{3112E1EB-F4F9-301E-ADBA-BFE7006FF75D}.Release|x64.Build.0 = Release|x64
		{3112E1EB-F4F9-301E-ADBA-BFE7006FF75D}.MinSizeRel|x64.ActiveCfg = MinSizeRel|x64
		{3112E1EB-F4F9-301E-ADBA-BFE7006FF75D}.MinSizeRel|x64.Build.0 = MinSizeRel|x64
		{3112E1EB-F4F9-301E-ADBA-BFE7006FF75D}.RelWithDebInfo|x64.ActiveCfg = RelWithDebInfo|x64
		{3112E1EB-F4F9-301E-ADBA-BFE7006FF75D}.RelWithDebInfo|x64.Build.0 = RelWithDebInfo|x64
		{775DB3AB-20D4-3122-982C-9D1F3FCB8116}.Debug|x64.ActiveCfg = Debug|x64
		{775DB3AB-20D4-3122-982C-9D1F3FCB8116}.Debug|x64.Build.0 = Debug|x64
		{775DB3AB-20D4-3122-982C-9D1F3FCB8116}.Release|x64.ActiveCfg = Release|x64
		{775DB3AB-20D4-3122-982C-9D1F3FCB8116}.Release|x64.Build.0 = Release|x64
		{775DB3AB-20D4-3122-982C-9D1F3FCB8116}.MinSizeRel|x64.ActiveCfg = MinSizeRel|x64
		{775DB3AB-20D4-3122-982C-9D1F3FCB8116}.MinSizeRel|x64.Build.0 = MinSizeRel|x64
		{775DB3AB-20D4-3122-982C-9D1F3FCB8116}.RelWithDebInfo|x64.ActiveCfg = RelWithDebInfo|x64
		{775DB3AB-20D4-3122-982C-9D1F3FCB8116}.RelWithDebInfo|x64.Build.0 = RelWithDebInfo|x64
		{C9D15407-9018-3423-ABF0-6E2FFF92FD12}.Debug|x64.ActiveCfg = Debug|x64
		{C9D15407-9018-3423-ABF0-6E2FFF92FD12}.Debug|x64.Build.0 = Debug|x64
		{C9D15407-9018-3423-ABF0-6E2FFF92FD12}.Release|x64.ActiveCfg = Release|x64
		{C9D15407-9018-3423-ABF0-6E2FFF92FD12}.Release|x64.Build.0 = Release|x64
		{C9D15407-9018-3423-ABF0-6E2FFF92FD12}.MinSizeRel|x64.ActiveCfg = MinSizeRel|x64
		{C9D15407-9018-3423-ABF0-6E2FFF92FD12}.MinSizeRel|x64.Build.0 = MinSizeRel|x64
		{C9D15407-9018-3423-ABF0-6E2FFF92FD12}.RelWithDebInfo|x64.ActiveCfg = RelWithDebInfo|x64
		{C9D15407-9018-3423-ABF0-6E2FFF92FD12}.RelWithDebInfo|x64.Build.0 = RelWithDebInfo|x64
		{BF9458C3-DFC2-3D5A-8596-F0A4A2FD0248}.Debug|x64.ActiveCfg = Debug|x64
		{BF9458C3-DFC2-3D5A-8596-F0A4A2FD0248}.Debug|x64.Build.0 = Debug|x64
		{BF9458C3-DFC2-3D5A-8596-F0A4A2FD0248}.Release|x64.ActiveCfg = Release|x64
		{BF9458C3-DFC2-3D5A-8596-F0A4A2FD0248}.Release|x64.Build.0 = Release|x64
		{BF9458C3-DFC2-3D5A-8596-F0A4A2FD0248}.MinSizeRel|x64.ActiveCfg = MinSizeRel|x64
		{BF9458C3-DFC2-3D5A-8596-F0A4A2FD0248}.MinSizeRel|x64.Build.0 = MinSizeRel|x64
		{BF9458C3-DFC2-3D5A-8596-F0A4A2FD0248}.RelWithDebInfo|x64.ActiveCfg = RelWithDebInfo|x64
		{BF9458C3-DFC2-3D5A-8596-F0A4A2FD0248}.RelWithDebInfo|x64.Build.0 = RelWithDebInfo|x64
		{E89BD8C7-E5EF-3E4D-9552-B6FD8FB866DB}.Debug|x64.ActiveCfg = Debug|x64
		{E89BD8C7-E5EF-3E4D-9552-B6FD8FB866DB}.Debug|x64.Build.0 = Debug|x64
		{E89BD8C7-E5EF-3E4D-9552-B6FD8FB866DB}.Release|x64.ActiveCfg = Release|x64
		{E89BD8C7-E5EF-3E4D-9552-B6FD8FB866DB}.Release|x64.Build.0 = Release|x64
		{E89BD8C7-E5EF-3E4D-9552-B6FD8FB866DB}.MinSizeRel|x64.ActiveCfg = MinSizeRel|x64
		{E89BD8C7-E5EF-3E4D-9552-B6FD8FB866DB}.MinSizeRel|x64.Build.0 = MinSizeRel|x64
		{E89BD8C7-E5EF-3E4D-9552-B6FD8FB866DB}.RelWithDebInfo|x64.ActiveCfg = RelWithDebInfo|x64
		{E89BD8C7-E5EF-3E4D-9552-B6FD8FB866DB}.RelWithDebInfo|x64.Build.0 = RelWithDebInfo|x64
		{8D3F705D-074A-3E0F-963B-BFFFF5C8DACF}.Debug|x64.ActiveCfg = Debug|x64
		{8D3F705D-074A-3E0F-963B-BFFFF5C8DACF}.Debug|x64.Build.0 = Debug|x64
		{8D3F705D-074A-3E0F-963B-BFFFF5C8DACF}.Release|x64.ActiveCfg = Release|x64
		{8D3F705D-074A-3E0F-963B-BFFFF5C8DACF}.Release|x64.Build.0 = Release|x64
		{8D3F705D-074A-3E0F-963B-BFFFF5C8DACF}.MinSizeRel|x64.ActiveCfg = MinSizeRel|x64
		{8D3F705D-074A-3E0F-963B-BFFFF5C8DACF}.MinSizeRel|x64.Build.0 = MinSizeRel|x64
		{8D3F705D-074A-3E0F-963B-BFFFF5C8DACF}.RelWithDebInfo|x64.ActiveCfg = RelWithDebInfo|x64
		{8D3F705D-074A-3E0F-963B-BFFFF5C8DACF}.RelWithDebInfo|x64.Build.0 = RelWithDebInfo|x64
		{44BD851C-1EE7-3DEB-BFE7-1582E77CC535}.Debug|x64.ActiveCfg = Debug|x64
		{44BD851C-1EE7-3DEB-BFE7-1582E77CC535}.Debug|x64.Build.0 = Debug|x64
		{44BD851C-1EE7-3DEB-BFE7-1582E77CC535}.Release|x64.ActiveCfg = Release|x64
		{44BD851C-1EE7-3DEB-BFE7-1582E77CC535}.Release|x64.Build.0 = Release|x64
		{44BD851C-1EE7-3DEB-BFE7-1582E77CC535}.MinSizeRel|x64.ActiveCfg = MinSizeRel|x64
		{44BD851C-1EE7-3DEB-BFE7-1582E77CC535}.MinSizeRel|x64.Build.0 = MinSizeRel|x64
		{44BD851C-1EE7-3DEB-BFE7-1582E77CC535}.RelWithDebInfo|x64.ActiveCfg = RelWithDebInfo|x64
		{44BD851C-1EE7-3DEB-BFE7-1582E77CC535}.RelWithDebInfo|x64.Build.0 = RelWithDebInfo|x64
		{5B71D1BA-1935-3907-976B-2E0B67BA7770}.Debug|x64.ActiveCfg = Debug|x64
		{5B71D1BA-1935-3907-976B-2E0B67BA7770}.Debug|x64.Build.0 = Debug|x64
		{5B71D1BA-1935-3907-976B-2E0B67BA7770}.Release|x64.ActiveCfg = Release|x64
		{5B71D1BA-1935-3907-976B-2E0B67BA7770}.Release|x64.Build.0 = Release|x64
		{5B71D1BA-1935-3907-976B-2E0B67BA7770}.MinSizeRel|x64.ActiveCfg = MinSizeRel|x64
		{5B71D1BA-1935-3907-976B-2E0B67BA7770}.MinSizeRel|x64.Build.0 = MinSizeRel|x64
		{5B71D1BA-1935-3907-976B-2E0B67BA7770}.RelWithDebInfo|x64.ActiveCfg = RelWithDebInfo|x64
		{5B71D1BA-1935-3907-976B-2E0B67BA7770}.RelWithDebInfo|x64.Build.0 = RelWithDebInfo|x64
		{27D38984-713D-38C0-A241-C761AB8A5F8E}.Debug|x64.ActiveCfg = Debug|x64
		{27D38984-713D-38C0-A241-C761AB8A5F8E}.Debug|x64.Build.0 = Debug|x64
		{27D38984-713D-38C0-A241-C761AB8A5F8E}.Release|x64.ActiveCfg = Release|x64
		{27D38984-713D-38C0-A241-C761AB8A5F8E}.Release|x64.Build.0 = Release|x64
		{27D38984-713D-38C0-A241-C761AB8A5F8E}.MinSizeRel|x64.ActiveCfg = MinSizeRel|x64
		{27D38984-713D-38C0-A241-C761AB8A5F8E}.MinSizeRel|x64.Build.0 = MinSizeRel|x64
		{27D38984-713D-38C0-A241-C761AB8A5F8E}.RelWithDebInfo|x64.ActiveCfg = RelWithDebInfo|x64
		{27D38984-713D-38C0-A241-C761AB8A5F8E}.RelWithDebInfo|x64.Build.0 = RelWithDebInfo|x64
		{4B024ED9-3460-362A-9B7F-9D1BB9DD32BD}.Debug|x64.ActiveCfg = Debug|x64
		{4B024ED9-3460-362A-9B7F-9D1BB9DD32BD}.Debug|x64.Build.0 = Debug|x64
		{4B024ED9-3460-362A-9B7F-9D1BB9DD32BD}.Release|x64.ActiveCfg = Release|x64
		{4B024ED9-3460-362A-9B7F-9D1BB9DD32BD}.Release|x64.Build.0 = Release|x64
		{4B024ED9-3460-362A-9B7F-9D1BB9DD32BD}.MinSizeRel|x64.ActiveCfg = MinSizeRel|x64
		{4B024ED9-3460-362A-9B7F-9D1BB9DD32BD}.MinSizeRel|x64.Build.0 = MinSizeRel|x64
		{4B024ED9-3460-362A-9B7F-9D1BB9DD32BD}.RelWithDebInfo|x64.ActiveCfg = RelWithDebInfo|x64
		{4B024ED9-3460-362A-9B7F-9D1BB9DD32BD}.RelWithDebInfo|x64.Build.0 = RelWithDebInfo|x64
		{F6693D1A-219E-35C8-8B47-61610E85588F}.Debug|x64.ActiveCfg = Debug|x64
		{F6693D1A-219E-35C8-8B47-61610E85588F}.Debug|x64.Build.0 = Debug|x64
		{F6693D1A-219E-35C8-8B47-61610E85588F}.Release|x64.ActiveCfg = Release|x64
		{F6693D1A-219E-35C8-8B47-61610E85588F}.Release|x64.Build.0 = Release|x64
		{F6693D1A-219E-35C8-8B47-61610E85588F}.MinSizeRel|x64.ActiveCfg = MinSizeRel|x64
		{F6693D1A-219E-35C8-8B47-61610E85588F}.MinSizeRel|x64.Build.0 = MinSizeRel|x64
		{F6693D1A-219E-35C8-8B47-61610E85588F}.RelWithDebInfo|x64.ActiveCfg = RelWithDebInfo|x64
		{F6693D1A-219E-35C8-8B47-61610E85588F}.RelWithDebInfo|x64.Build.0 = RelWithDebInfo|x64
		{A2CD67C0-F834-31C2-8811-B4B254F80095}.Debug|x64.ActiveCfg = Debug|x64
		{A2CD67C0-F834-31C2-8811-B4B254F80095}.Debug|x64.Build.0 = Debug|x64
		{A2CD67C0-F834-31C2-8811-B4B254F80095}.Release|x64.ActiveCfg = Release|x64
		{A2CD67C0-F834-31C2-8811-B4B254F80095}.Release|x64.Build.0 = Release|x64
		{A2CD67C0-F834-31C2-8811-B4B254F80095}.MinSizeRel|x64.ActiveCfg = MinSizeRel|x64
		{A2CD67C0-F834-31C2-8811-B4B254F80095}.MinSizeRel|x64.Build.0 = MinSizeRel|x64
		{A2CD67C0-F834-31C2-8811-B4B254F80095}.RelWithDebInfo|x64.ActiveCfg = RelWithDebInfo|x64
		{A2CD67C0-F834-31C2-8811-B4B254F80095}.RelWithDebInfo|x64.Build.0 = RelWithDebInfo|x64
		{B7AE5AD4-B980-3081-B156-281A5B28A11C}.Debug|x64.ActiveCfg = Debug|x64
		{B7AE5AD4-B980-3081-B156-281A5B28A11C}.Debug|x64.Build.0 = Debug|x64
		{B7AE5AD4-B980-3081-B156-281A5B28A11C}.Release|x64.ActiveCfg = Release|x64
		{B7AE5AD4-B980-3081-B156-281A5B28A11C}.Release|x64.Build.0 = Release|x64
		{B7AE5AD4-B980-3081-B156-281A5B28A11C}.MinSizeRel|x64.ActiveCfg = MinSizeRel|x64
		{B7AE5AD4-B980-3081-B156-281A5B28A11C}.MinSizeRel|x64.Build.0 = MinSizeRel|x64
		{B7AE5AD4-B980-3081-B156-281A5B28A11C}.RelWithDebInfo|x64.ActiveCfg = RelWithDebInfo|x64
		{B7AE5AD4-B980-3081-B156-281A5B28A11C}.RelWithDebInfo|x64.Build.0 = RelWithDebInfo|x64
		{2E4398DA-8292-30F0-9E42-E8A75DC2EEA7}.Debug|x64.ActiveCfg = Debug|x64
		{2E4398DA-8292-30F0-9E42-E8A75DC2EEA7}.Debug|x64.Build.0 = Debug|x64
		{2E4398DA-8292-30F0-9E42-E8A75DC2EEA7}.Release|x64.ActiveCfg = Release|x64
		{2E4398DA-8292-30F0-9E42-E8A75DC2EEA7}.Release|x64.Build.0 = Release|x64
		{2E4398DA-8292-30F0-9E42-E8A75DC2EEA7}.MinSizeRel|x64.ActiveCfg = MinSizeRel|x64
		{2E4398DA-8292-30F0-9E42-E8A75DC2EEA7}.MinSizeRel|x64.Build.0 = MinSizeRel|x64
		{2E4398DA-8292-30F0-9E42-E8A75DC2EEA7}.RelWithDebInfo|x64.ActiveCfg = RelWithDebInfo|x64
		{2E4398DA-8292-30F0-9E42-E8A75DC2EEA7}.RelWithDebInfo|x64.Build.0 = RelWithDebInfo|x64
		{2EA3042D-C339-3DC3-BAB8-202213DE886C}.Debug|x64.ActiveCfg = Debug|x64
		{2EA3042D-C339-3DC3-BAB8-202213DE886C}.Debug|x64.Build.0 = Debug|x64
		{2EA3042D-C339-3DC3-BAB8-202213DE886C}.Release|x64.ActiveCfg = Release|x64
		{2EA3042D-C339-3DC3-BAB8-202213DE886C}.Release|x64.Build.0 = Release|x64
		{2EA3042D-C339-3DC3-BAB8-202213DE886C}.MinSizeRel|x64.ActiveCfg = MinSizeRel|x64
		{2EA3042D-C339-3DC3-BAB8-202213DE886C}.MinSizeRel|x64.Build.0 = MinSizeRel|x64
		{2EA3042D-C339-3DC3-BAB8-202213DE886C}.RelWithDebInfo|x64.ActiveCfg = RelWithDebInfo|x64
		{2EA3042D-C339-3DC3-BAB8-202213DE886C}.RelWithDebInfo|x64.Build.0 = RelWithDebInfo|x64
		{B10F439B-42CF-39C6-B6F2-52D00F1B3F51}.Debug|x64.ActiveCfg = Debug|x64
		{B10F439B-42CF-39C6-B6F2-52D00F1B3F51}.Debug|x64.Build.0 = Debug|x64
		{B10F439B-42CF-39C6-B6F2-52D00F1B3F51}.Release|x64.ActiveCfg = Release|x64
		{B10F439B-42CF-39C6-B6F2-52D00F1B3F51}.Release|x64.Build.0 = Release|x64
		{B10F439B-42CF-39C6-B6F2-52D00F1B3F51}.MinSizeRel|x64.ActiveCfg = MinSizeRel|x64
		{B10F439B-42CF-39C6-B6F2-52D00F1B3F51}.MinSizeRel|x64.Build.0 = MinSizeRel|x64
		{B10F439B-42CF-39C6-B6F2-52D00F1B3F51}.RelWithDebInfo|x64.ActiveCfg = RelWithDebInfo|x64
		{B10F439B-42CF-39C6-B6F2-52D00F1B3F51}.RelWithDebInfo|x64.Build.0 = RelWithDebInfo|x64
		{7307FB31-9FCA-3256-BCC1-B0976D68F026}.Debug|x64.ActiveCfg = Debug|x64
		{7307FB31-9FCA-3256-BCC1-B0976D68F026}.Debug|x64.Build.0 = Debug|x64
		{7307FB31-9FCA-3256-BCC1-B0976D68F026}.Release|x64.ActiveCfg = Release|x64
		{7307FB31-9FCA-3256-BCC1-B0976D68F026}.Release|x64.Build.0 = Release|x64
		{7307FB31-9FCA-3256-BCC1-B0976D68F026}.MinSizeRel|x64.ActiveCfg = MinSizeRel|x64
		{7307FB31-9FCA-3256-BCC1-B0976D68F026}.MinSizeRel|x64.Build.0 = MinSizeRel|x64
		{7307FB31-9FCA-3256-BCC1-B0976D68F026}.RelWithDebInfo|x64.ActiveCfg = RelWithDebInfo|x64
		{7307FB31-9FCA-3256-BCC1-B0976D68F026}.RelWithDebInfo|x64.Build.0 = RelWithDebInfo|x64
		{8AD3EF73-0A2E-3610-9C15-FEBD35940569}.Debug|x64.ActiveCfg = Debug|x64
		{8AD3EF73-0A2E-3610-9C15-FEBD35940569}.Release|x64.ActiveCfg = Release|x64
		{8AD3EF73-0A2E-3610-9C15-FEBD35940569}.MinSizeRel|x64.ActiveCfg = MinSizeRel|x64
		{8AD3EF73-0A2E-3610-9C15-FEBD35940569}.RelWithDebInfo|x64.ActiveCfg = RelWithDebInfo|x64
		{D554202B-6795-313B-B77B-C0B5F35436AE}.Debug|x64.ActiveCfg = Debug|x64
		{D554202B-6795-313B-B77B-C0B5F35436AE}.Debug|x64.Build.0 = Debug|x64
		{D554202B-6795-313B-B77B-C0B5F35436AE}.Release|x64.ActiveCfg = Release|x64
		{D554202B-6795-313B-B77B-C0B5F35436AE}.Release|x64.Build.0 = Release|x64
		{D554202B-6795-313B-B77B-C0B5F35436AE}.MinSizeRel|x64.ActiveCfg = MinSizeRel|x64
		{D554202B-6795-313B-B77B-C0B5F35436AE}.MinSizeRel|x64.Build.0 = MinSizeRel|x64
		{D554202B-6795-313B-B77B-C0B5F35436AE}.RelWithDebInfo|x64.ActiveCfg = RelWithDebInfo|x64
		{D554202B-6795-313B-B77B-C0B5F35436AE}.RelWithDebInfo|x64.Build.0 = RelWithDebInfo|x64
		{171F150E-8BFC-3423-868A-CE280076A216}.Debug|x64.ActiveCfg = Debug|x64
		{171F150E-8BFC-3423-868A-CE280076A216}.Debug|x64.Build.0 = Debug|x64
		{171F150E-8BFC-3423-868A-CE280076A216}.Release|x64.ActiveCfg = Release|x64
		{171F150E-8BFC-3423-868A-CE280076A216}.Release|x64.Build.0 = Release|x64
		{171F150E-8BFC-3423-868A-CE280076A216}.MinSizeRel|x64.ActiveCfg = MinSizeRel|x64
		{171F150E-8BFC-3423-868A-CE280076A216}.MinSizeRel|x64.Build.0 = MinSizeRel|x64
		{171F150E-8BFC-3423-868A-CE280076A216}.RelWithDebInfo|x64.ActiveCfg = RelWithDebInfo|x64
		{171F150E-8BFC-3423-868A-CE280076A216}.RelWithDebInfo|x64.Build.0 = RelWithDebInfo|x64
	EndGlobalSection
	GlobalSection(NestedProjects) = preSolution
		{4E4E30DE-87A6-3EBA-8A29-645FD44D41E9} = {C1A253DB-4E78-30CB-B0A1-D314AA0C66A6}
		{FA763CCB-A5AA-314C-803C-3BC8B7D303C5} = {C1A253DB-4E78-30CB-B0A1-D314AA0C66A6}
		{50F6C406-6C73-341E-ADA3-97356A777E2D} = {C1A253DB-4E78-30CB-B0A1-D314AA0C66A6}
		{8CBD64C8-E18E-321A-BB83-082A8536976C} = {2DAD9826-B175-339E-A29B-06B4EDBFD669}
		{77F312DF-69AC-3AB8-9D1D-0943F726DA11} = {2DAD9826-B175-339E-A29B-06B4EDBFD669}
		{170498CC-5E8E-356B-B9B9-2325BDDCB03C} = {2DAD9826-B175-339E-A29B-06B4EDBFD669}
		{8AD3EF73-0A2E-3610-9C15-FEBD35940569} = {2DAD9826-B175-339E-A29B-06B4EDBFD669}
		{BFE92169-8EA6-35EC-B041-7F4CA2C27BCA} = {8CBD64C8-E18E-321A-BB83-082A8536976C}
		{80E89E03-9FF1-3DB5-864C-3ABEA329594B} = {8CBD64C8-E18E-321A-BB83-082A8536976C}
		{A08C207B-480C-3BF4-A232-B15ED74D4766} = {8CBD64C8-E18E-321A-BB83-082A8536976C}
		{8D3F705D-074A-3E0F-963B-BFFFF5C8DACF} = {8CBD64C8-E18E-321A-BB83-082A8536976C}
		{5B71D1BA-1935-3907-976B-2E0B67BA7770} = {8CBD64C8-E18E-321A-BB83-082A8536976C}
		{4B024ED9-3460-362A-9B7F-9D1BB9DD32BD} = {8CBD64C8-E18E-321A-BB83-082A8536976C}
		{F6693D1A-219E-35C8-8B47-61610E85588F} = {8CBD64C8-E18E-321A-BB83-082A8536976C}
		{A2CD67C0-F834-31C2-8811-B4B254F80095} = {8CBD64C8-E18E-321A-BB83-082A8536976C}
		{D554202B-6795-313B-B77B-C0B5F35436AE} = {8CBD64C8-E18E-321A-BB83-082A8536976C}
		{A93EA10D-6DDA-3231-910E-935DB693067F} = {77F312DF-69AC-3AB8-9D1D-0943F726DA11}
		{8038678D-790F-32FD-9D0D-BDB9CD9BD6E7} = {77F312DF-69AC-3AB8-9D1D-0943F726DA11}
		{52F41079-D7BC-34FF-912D-88CA876D9F40} = {77F312DF-69AC-3AB8-9D1D-0943F726DA11}
		{80E758E5-1C3F-3551-845F-517276F9FB89} = {77F312DF-69AC-3AB8-9D1D-0943F726DA11}
		{C9490FDC-8A96-30E2-ADBA-2C8F0AD61E13} = {77F312DF-69AC-3AB8-9D1D-0943F726DA11}
		{0432EA65-8489-3199-A45F-9DA0285B123D} = {77F312DF-69AC-3AB8-9D1D-0943F726DA11}
		{A6D97E03-5D29-36CC-AF8C-03BBB454FFFB} = {77F312DF-69AC-3AB8-9D1D-0943F726DA11}
		{3112E1EB-F4F9-301E-ADBA-BFE7006FF75D} = {77F312DF-69AC-3AB8-9D1D-0943F726DA11}
		{775DB3AB-20D4-3122-982C-9D1F3FCB8116} = {77F312DF-69AC-3AB8-9D1D-0943F726DA11}
		{C9D15407-9018-3423-ABF0-6E2FFF92FD12} = {77F312DF-69AC-3AB8-9D1D-0943F726DA11}
		{BF9458C3-DFC2-3D5A-8596-F0A4A2FD0248} = {77F312DF-69AC-3AB8-9D1D-0943F726DA11}
		{E89BD8C7-E5EF-3E4D-9552-B6FD8FB866DB} = {77F312DF-69AC-3AB8-9D1D-0943F726DA11}
		{44BD851C-1EE7-3DEB-BFE7-1582E77CC535} = {77F312DF-69AC-3AB8-9D1D-0943F726DA11}
		{27D38984-713D-38C0-A241-C761AB8A5F8E} = {77F312DF-69AC-3AB8-9D1D-0943F726DA11}
		{B7AE5AD4-B980-3081-B156-281A5B28A11C} = {77F312DF-69AC-3AB8-9D1D-0943F726DA11}
		{2E4398DA-8292-30F0-9E42-E8A75DC2EEA7} = {77F312DF-69AC-3AB8-9D1D-0943F726DA11}
		{2EA3042D-C339-3DC3-BAB8-202213DE886C} = {77F312DF-69AC-3AB8-9D1D-0943F726DA11}
		{B10F439B-42CF-39C6-B6F2-52D00F1B3F51} = {77F312DF-69AC-3AB8-9D1D-0943F726DA11}
		{7307FB31-9FCA-3256-BCC1-B0976D68F026} = {77F312DF-69AC-3AB8-9D1D-0943F726DA11}
		{171F150E-8BFC-3423-868A-CE280076A216} = {77F312DF-69AC-3AB8-9D1D-0943F726DA11}
	EndGlobalSection
	GlobalSection(ExtensibilityGlobals) = postSolution
		SolutionGuid = {BE40DF86-8B3C-3991-9D3C-64E26A3DC447}
	EndGlobalSection
	GlobalSection(ExtensibilityAddIns) = postSolution
	EndGlobalSection
EndGlobal
